
Microsoft Visual Studio Solution File, Format Version 12.00
# Visual Studio Version 17
VisualStudioVersion = 17.11.35303.130
MinimumVisualStudioVersion = 10.0.40219.1
Project("{9A19103F-16F7-4668-BE54-9A1E7A4F7556}") = "ASPA007_1", "ASPA007_1\ASPA007_1.csproj", "{2D598E38-61B3-41BE-8EF0-A9F980D9B476}"
EndProject
Project("{9A19103F-16F7-4668-BE54-9A1E7A4F7556}") = "ASPA008_1", "ASPA008_1\ASPA008_1.csproj", "{E96667FF-E559-4841-8915-3A6C42F46A90}"
EndProject
Project("{9A19103F-16F7-4668-BE54-9A1E7A4F7556}") = "ANC25_WEBAPI_DLL", "ANC25_WEBAPI_DLL\ANC25_WEBAPI_DLL.csproj", "{DB8810B0-043B-497E-98B6-270596F6E421}"
EndProject
Project("{9A19103F-16F7-4668-BE54-9A1E7A4F7556}") = "DAL_Celebrity_MSSQL", "DAL_Celebrity_MSSQL\DAL_Celebrity_MSSQL.csproj", "{BED0C9D8-2D08-4D0A-9333-C7548F9CAEBD}"
EndProject
Project("{9A19103F-16F7-4668-BE54-9A1E7A4F7556}") = "DAL_Celebrity", "DAL_Celebrity\DAL_Celebrity.csproj", "{2C3FC5AD-4487-40F5-95FF-04F7D90945CF}"
EndProject
Global
	GlobalSection(SolutionConfigurationPlatforms) = preSolution
		Debug|Any CPU = Debug|Any CPU
		Release|Any CPU = Release|Any CPU
	EndGlobalSection
	GlobalSection(ProjectConfigurationPlatforms) = postSolution
		{2D598E38-61B3-41BE-8EF0-A9F980D9B476}.Debug|Any CPU.ActiveCfg = Debug|Any CPU
		{2D598E38-61B3-41BE-8EF0-A9F980D9B476}.Debug|Any CPU.Build.0 = Debug|Any CPU
		{2D598E38-61B3-41BE-8EF0-A9F980D9B476}.Release|Any CPU.ActiveCfg = Release|Any CPU
		{2D598E38-61B3-41BE-8EF0-A9F980D9B476}.Release|Any CPU.Build.0 = Release|Any CPU
		{E96667FF-E559-4841-8915-3A6C42F46A90}.Debug|Any CPU.ActiveCfg = Debug|Any CPU
		{E96667FF-E559-4841-8915-3A6C42F46A90}.Debug|Any CPU.Build.0 = Debug|Any CPU
		{E96667FF-E559-4841-8915-3A6C42F46A90}.Release|Any CPU.ActiveCfg = Release|Any CPU
		{E96667FF-E559-4841-8915-3A6C42F46A90}.Release|Any CPU.Build.0 = Release|Any CPU
		{DB8810B0-043B-497E-98B6-270596F6E421}.Debug|Any CPU.ActiveCfg = Debug|Any CPU
		{DB8810B0-043B-497E-98B6-270596F6E421}.Debug|Any CPU.Build.0 = Debug|Any CPU
		{DB8810B0-043B-497E-98B6-270596F6E421}.Release|Any CPU.ActiveCfg = Release|Any CPU
		{DB8810B0-043B-497E-98B6-270596F6E421}.Release|Any CPU.Build.0 = Release|Any CPU
		{BED0C9D8-2D08-4D0A-9333-C7548F9CAEBD}.Debug|Any CPU.ActiveCfg = Debug|Any CPU
		{BED0C9D8-2D08-4D0A-9333-C7548F9CAEBD}.Debug|Any CPU.Build.0 = Debug|Any CPU
		{BED0C9D8-2D08-4D0A-9333-C7548F9CAEBD}.Release|Any CPU.ActiveCfg = Release|Any CPU
		{BED0C9D8-2D08-4D0A-9333-C7548F9CAEBD}.Release|Any CPU.Build.0 = Release|Any CPU
		{2C3FC5AD-4487-40F5-95FF-04F7D90945CF}.Debug|Any CPU.ActiveCfg = Debug|Any CPU
		{2C3FC5AD-4487-40F5-95FF-04F7D90945CF}.Debug|Any CPU.Build.0 = Debug|Any CPU
		{2C3FC5AD-4487-40F5-95FF-04F7D90945CF}.Release|Any CPU.ActiveCfg = Release|Any CPU
		{2C3FC5AD-4487-40F5-95FF-04F7D90945CF}.Release|Any CPU.Build.0 = Release|Any CPU
	EndGlobalSection
	GlobalSection(SolutionProperties) = preSolution
		HideSolutionNode = FALSE
	EndGlobalSection
	GlobalSection(ExtensibilityGlobals) = postSolution
		SolutionGuid = {66572424-47DE-4111-B860-333BDD6D48FE}
	EndGlobalSection
EndGlobal
